{
  "nodes": {
    "home-manager": {
      "inputs": {
        "nixpkgs": [
          "nixpkgs"
        ]
      },
      "locked": {
        "lastModified": 1689495092,
        "narHash": "sha256-yZu2j5FpLZEPhJQQutMCPTxa1VMigLPabLYvLTq6ASM=",
        "owner": "nix-community",
        "repo": "home-manager",
        "rev": "2f84579a70b8c74e5ebb37299a0c3ba279f09382",
        "type": "github"
      },
      "original": {
        "owner": "nix-community",
        "repo": "home-manager",
        "type": "github"
      }
    },
    "nixpkgs": {
      "locked": {
        "lastModified": 1689601424,
        "narHash": "sha256-WEqoSflQP65MF9O9k+JEkvUXMEoyCatmMAoLOowcEoE=",
        "owner": "nixos",
        "repo": "nixpkgs",
        "rev": "d0f2758381caca8b4fb4a6cac61721cc9de06bd9",
        "type": "github"
      },
      "original": {
        "owner": "nixos",
        "ref": "nixpkgs-unstable",
        "repo": "nixpkgs",
        "type": "github"
      }
    },
    "nur": {
      "locked": {
        "lastModified": 1689653382,
        "narHash": "sha256-Yu62Q6Ti5DRVCWZRbpWnR4ecACZktWKh3in59BUJyT8=",
        "owner": "nix-community",
        "repo": "NUR",
        "rev": "757f1d284cdcddfa7e31fa8fba4ad34db5df31fb",
        "type": "github"
      },
      "original": {
        "owner": "nix-community",
        "repo": "NUR",
        "type": "github"
      }
    },
    "root": {
      "inputs": {
        "home-manager": "home-manager",
        "nixpkgs": "nixpkgs",
        "nur": "nur"
      }
    }
  },
  "root": "root",
  "version": 7
}
