{
  "nodes": {
    "home-manager": {
      "inputs": {
        "nixpkgs": [
          "nixpkgs"
        ]
      },
      "locked": {
        "lastModified": 1688220547,
        "narHash": "sha256-cNKKLPaEOxd6t22Mt3tHGubyylbKGdoi2A3QkMTKes0=",
        "owner": "nix-community",
        "repo": "home-manager",
        "rev": "89d10f8adce369a80e046c2fd56d1e7b7507bb5b",
        "type": "github"
      },
      "original": {
        "owner": "nix-community",
        "repo": "home-manager",
        "type": "github"
      }
    },
    "nixpkgs": {
      "locked": {
        "lastModified": 1688188316,
        "narHash": "sha256-CXuQllDKCxtZaB/umnZOvoJ/d4kJguYgffeTA9l1B3o=",
        "owner": "nixos",
        "repo": "nixpkgs",
        "rev": "8277b539d371bf4308fc5097911aa58bfac1794f",
        "type": "github"
      },
      "original": {
        "owner": "nixos",
        "ref": "nixpkgs-unstable",
        "repo": "nixpkgs",
        "type": "github"
      }
    },
    "nur": {
      "locked": {
        "lastModified": 1688272984,
        "narHash": "sha256-RzQzZ4msqK2ECgJn0fqgujhoPJvAy8LsbGfv3KByf1U=",
        "owner": "nix-community",
        "repo": "NUR",
        "rev": "c2acdb273bef64edc5f786c53381f736690b6fbf",
        "type": "github"
      },
      "original": {
        "owner": "nix-community",
        "repo": "NUR",
        "type": "github"
      }
    },
    "root": {
      "inputs": {
        "home-manager": "home-manager",
        "nixpkgs": "nixpkgs",
        "nur": "nur"
      }
    }
  },
  "root": "root",
  "version": 7
}
