{
  "nodes": {
    "home-manager": {
      "inputs": {
        "nixpkgs": [
          "nixpkgs"
        ]
      },
      "locked": {
        "lastModified": 1687301540,
        "narHash": "sha256-vFbCrE9WlOSVpyAT5VNR3bqMB7W7sDzMNDcO6JqtmBw=",
        "owner": "nix-community",
        "repo": "home-manager",
        "rev": "9a76fb9a852fdf9edd3b0aabc119efa1d618f969",
        "type": "github"
      },
      "original": {
        "owner": "nix-community",
        "repo": "home-manager",
        "type": "github"
      }
    },
    "nixpkgs": {
      "locked": {
        "lastModified": 1687274257,
        "narHash": "sha256-TutzPriQcZ8FghDhEolnHcYU2oHIG5XWF+/SUBNnAOE=",
        "owner": "nixos",
        "repo": "nixpkgs",
        "rev": "2c9ecd1f0400076a4d6b2193ad468ff0a7e7fdc5",
        "type": "github"
      },
      "original": {
        "owner": "nixos",
        "ref": "nixpkgs-unstable",
        "repo": "nixpkgs",
        "type": "github"
      }
    },
    "nur": {
      "locked": {
        "lastModified": 1687322502,
        "narHash": "sha256-Xof4hZTleIF/rmhZNPHCTt/wKJ7Ex/hVZ7QaZAn1epA=",
        "owner": "nix-community",
        "repo": "NUR",
        "rev": "6e3daaa6f11e491556306e4422bd957de24f05a9",
        "type": "github"
      },
      "original": {
        "owner": "nix-community",
        "repo": "NUR",
        "type": "github"
      }
    },
    "root": {
      "inputs": {
        "home-manager": "home-manager",
        "nixpkgs": "nixpkgs",
        "nur": "nur"
      }
    }
  },
  "root": "root",
  "version": 7
}
